{
    "_readme": [
        "This file locks the dependencies of your project to a known state",
        "Read more about it at https://getcomposer.org/doc/01-basic-usage.md#installing-dependencies",
        "This file is @generated automatically"
    ],
    "content-hash": "90334860f7e6e2d430292be2369d3b11",
    "packages": [
        {
            "name": "danbettles/marigold",
            "version": "v2.4.0",
            "source": {
                "type": "git",
                "url": "https://github.com/danbettles/marigold.git",
                "reference": "9062070afff1145fbab0977958fb0472b9394dd8"
            },
            "dist": {
                "type": "zip",
                "url": "https://api.github.com/repos/danbettles/marigold/zipball/9062070afff1145fbab0977958fb0472b9394dd8",
                "reference": "9062070afff1145fbab0977958fb0472b9394dd8",
                "shasum": ""
            },
            "require": {
                "php": "^7.4|^8.1.3"
            },
            "require-dev": {
                "danbettles/codesniffer-standard": "^2.0",
                "phpstan/phpstan": "^1.8",
                "phpunit/phpunit": "^9.5",
                "squizlabs/php_codesniffer": "^3.5"
            },
            "type": "library",
            "autoload": {
                "psr-4": {
                    "DanBettles\\Marigold\\": "src/"
                }
            },
            "notification-url": "https://packagist.org/downloads/",
            "license": [
                "ISC"
            ],
            "authors": [
                {
                    "name": "Daniel Bettles",
                    "email": "danbettles@yahoo.co.uk"
                }
            ],
            "description": "Marigold is a small set of tools that aims to make building simple websites easier while remaining close to the metal and adding minimal overheads; it is not a framework.",
            "support": {
                "issues": "https://github.com/danbettles/marigold/issues",
                "source": "https://github.com/danbettles/marigold/tree/v2.4.0"
            },
            "time": "2023-01-21T20:19:37+00:00"
        },
        {
            "name": "erusev/parsedown",
            "version": "1.7.4",
            "source": {
                "type": "git",
                "url": "https://github.com/erusev/parsedown.git",
                "reference": "cb17b6477dfff935958ba01325f2e8a2bfa6dab3"
            },
            "dist": {
                "type": "zip",
                "url": "https://api.github.com/repos/erusev/parsedown/zipball/cb17b6477dfff935958ba01325f2e8a2bfa6dab3",
                "reference": "cb17b6477dfff935958ba01325f2e8a2bfa6dab3",
                "shasum": ""
            },
            "require": {
                "ext-mbstring": "*",
                "php": ">=5.3.0"
            },
            "require-dev": {
                "phpunit/phpunit": "^4.8.35"
            },
            "type": "library",
            "autoload": {
                "psr-0": {
                    "Parsedown": ""
                }
            },
            "notification-url": "https://packagist.org/downloads/",
            "license": [
                "MIT"
            ],
            "authors": [
                {
                    "name": "Emanuil Rusev",
                    "email": "hello@erusev.com",
                    "homepage": "http://erusev.com"
                }
            ],
            "description": "Parser for Markdown.",
            "homepage": "http://parsedown.org",
            "keywords": [
                "markdown",
                "parser"
            ],
            "support": {
                "issues": "https://github.com/erusev/parsedown/issues",
                "source": "https://github.com/erusev/parsedown/tree/1.7.x"
            },
            "time": "2019-12-30T22:54:17+00:00"
        },
        {
            "name": "miniblog/engine",
            "version": "v1.0.0-beta.14",
            "source": {
                "type": "git",
                "url": "https://github.com/miniblog/engine.git",
                "reference": "6fc62c3f56ca87d88bd212cb7eb5d035f8b84301"
            },
            "dist": {
                "type": "zip",
                "url": "https://api.github.com/repos/miniblog/engine/zipball/6fc62c3f56ca87d88bd212cb7eb5d035f8b84301",
                "reference": "6fc62c3f56ca87d88bd212cb7eb5d035f8b84301",
                "shasum": ""
            },
            "require": {
                "danbettles/marigold": "^v2.4.0",
                "erusev/parsedown": "^1.7",
                "php": "^7.4|^8.1.3"
            },
            "require-dev": {
                "csstools/sanitize.css": "^13.0.0",
                "danbettles/codesniffer-standard": "^2.0",
                "phpstan/phpstan": "^1.8",
                "phpunit/phpunit": "^9.5",
                "squizlabs/php_codesniffer": "^3.5"
            },
            "type": "library",
            "autoload": {
                "psr-4": {
                    "Miniblog\\Engine\\": "src/"
                }
            },
            "notification-url": "https://packagist.org/downloads/",
            "license": [
                "ISC"
            ],
            "authors": [
                {
                    "name": "Daniel Bettles",
                    "email": "daniel@justathought.dev"
                }
            ],
            "description": "Miniblog is a minimal blogging platform, written in object-oriented PHP, aimed primarily at developers.  There is no complicated setup, no distracting admin area, and no plugins or themes: the focus is blogging.",
            "keywords": [
                "blog",
                "blogging",
                "dead simple blog",
                "markdown",
                "minimal"
            ],
            "support": {
                "issues": "https://github.com/miniblog/engine/issues",
                "source": "https://github.com/miniblog/engine/tree/v1.0.0-beta.14"
            },
            "time": "2023-02-26T16:36:45+00:00"
        }
    ],
    "packages-dev": [],
    "aliases": [],
    "minimum-stability": "stable",
    "stability-flags": {
        "miniblog/engine": 20
    },
    "prefer-stable": false,
    "prefer-lowest": false,
    "platform": {
        "php": "^7.4|^8.1.3"
    },
    "platform-dev": [],
    "plugin-api-version": "2.3.0"
}
